
Microsoft Visual Studio Solution File, Format Version 12.00
# Visual Studio 14
VisualStudioVersion = 14.0.24720.0
MinimumVisualStudioVersion = 10.0.40219.1
Project("{FAE04EC0-301F-11D3-BF4B-00C04F79EFBC}") = "WpfApplTreeView", "WpfApplTreeView\WpfApplTreeView.csproj", "{BBCCE5DC-284D-4572-B2E5-DEC212331A2C}"
EndProject
Project("{FAE04EC0-301F-11D3-BF4B-00C04F79EFBC}") = "UnitTestProject", "UnitTestProject\UnitTestProject.csproj", "{770FE4F5-1954-42B9-A54D-D8E6FB2CBA85}"
EndProject
Global
	GlobalSection(SolutionConfigurationPlatforms) = preSolution
		Debug|Any CPU = Debug|Any CPU
		Release|Any CPU = Release|Any CPU
	EndGlobalSection
	GlobalSection(ProjectConfigurationPlatforms) = postSolution
		{BBCCE5DC-284D-4572-B2E5-DEC212331A2C}.Debug|Any CPU.ActiveCfg = Debug|Any CPU
		{BBCCE5DC-284D-4572-B2E5-DEC212331A2C}.Debug|Any CPU.Build.0 = Debug|Any CPU
		{BBCCE5DC-284D-4572-B2E5-DEC212331A2C}.Release|Any CPU.ActiveCfg = Release|Any CPU
		{BBCCE5DC-284D-4572-B2E5-DEC212331A2C}.Release|Any CPU.Build.0 = Release|Any CPU
		{770FE4F5-1954-42B9-A54D-D8E6FB2CBA85}.Debug|Any CPU.ActiveCfg = Debug|Any CPU
		{770FE4F5-1954-42B9-A54D-D8E6FB2CBA85}.Debug|Any CPU.Build.0 = Debug|Any CPU
		{770FE4F5-1954-42B9-A54D-D8E6FB2CBA85}.Release|Any CPU.ActiveCfg = Release|Any CPU
		{770FE4F5-1954-42B9-A54D-D8E6FB2CBA85}.Release|Any CPU.Build.0 = Release|Any CPU
	EndGlobalSection
	GlobalSection(SolutionProperties) = preSolution
		HideSolutionNode = FALSE
	EndGlobalSection
EndGlobal
